{
  "name": "@tsukinowarin/shogunate",
  "version": "4.6.0-0",
  "lockfileVersion": 3,
  "requires": true,
  "packages": {
    "": {
      "name": "@tsukinowarin/shogunate",
      "version": "4.6.0-0",
      "license": "MIT",
      "bin": {
        "shogunate": "bin/shogunate.js"
      },
      "engines": {
        "node": ">=18"
      }
    }
  }
}
